
Microsoft Visual Studio Solution File, Format Version 12.00
# Visual Studio Version 16
VisualStudioVersion = 16.0.31702.278
MinimumVisualStudioVersion = 10.0.40219.1
Project("{FAE04EC0-301F-11D3-BF4B-00C04F79EFBC}") = "MitchelCampozano.CharacterCreator.ConsoleHost", "MitchelCampozano.CharacterCreator.ConsoleHost\MitchelCampozano.CharacterCreator.ConsoleHost.csproj", "{9142B88F-DB1F-45AE-B063-ADDA41648096}"
EndProject
Global
	GlobalSection(SolutionConfigurationPlatforms) = preSolution
		Debug|Any CPU = Debug|Any CPU
		Release|Any CPU = Release|Any CPU
	EndGlobalSection
	GlobalSection(ProjectConfigurationPlatforms) = postSolution
		{9142B88F-DB1F-45AE-B063-ADDA41648096}.Debug|Any CPU.ActiveCfg = Debug|Any CPU
		{9142B88F-DB1F-45AE-B063-ADDA41648096}.Debug|Any CPU.Build.0 = Debug|Any CPU
		{9142B88F-DB1F-45AE-B063-ADDA41648096}.Release|Any CPU.ActiveCfg = Release|Any CPU
		{9142B88F-DB1F-45AE-B063-ADDA41648096}.Release|Any CPU.Build.0 = Release|Any CPU
	EndGlobalSection
	GlobalSection(SolutionProperties) = preSolution
		HideSolutionNode = FALSE
	EndGlobalSection
	GlobalSection(ExtensibilityGlobals) = postSolution
		SolutionGuid = {A11BF5EA-7E48-4AE6-BF43-87C4D7082BFD}
	EndGlobalSection
EndGlobal
